
Microsoft Visual Studio Solution File, Format Version 12.00
# Visual Studio 15
VisualStudioVersion = 15.0.28307.329
MinimumVisualStudioVersion = 10.0.40219.1
Project("{9A19103F-16F7-4668-BE54-9A1E7A4F7556}") = "JSONservice", "JSONservice\JSONservice.csproj", "{BFBB82BB-E56F-40EF-B782-D3ABC4D1CB64}"
EndProject
Project("{FAE04EC0-301F-11D3-BF4B-00C04F79EFBC}") = "ServiceTest", "ServiceTest\ServiceTest.csproj", "{31CF7D8D-6D8A-46EB-904D-49CF16267A67}"
EndProject
Global
	GlobalSection(SolutionConfigurationPlatforms) = preSolution
		Debug|Any CPU = Debug|Any CPU
		Release|Any CPU = Release|Any CPU
	EndGlobalSection
	GlobalSection(ProjectConfigurationPlatforms) = postSolution
		{BFBB82BB-E56F-40EF-B782-D3ABC4D1CB64}.Debug|Any CPU.ActiveCfg = Debug|Any CPU
		{BFBB82BB-E56F-40EF-B782-D3ABC4D1CB64}.Debug|Any CPU.Build.0 = Debug|Any CPU
		{BFBB82BB-E56F-40EF-B782-D3ABC4D1CB64}.Release|Any CPU.ActiveCfg = Release|Any CPU
		{BFBB82BB-E56F-40EF-B782-D3ABC4D1CB64}.Release|Any CPU.Build.0 = Release|Any CPU
		{31CF7D8D-6D8A-46EB-904D-49CF16267A67}.Debug|Any CPU.ActiveCfg = Debug|Any CPU
		{31CF7D8D-6D8A-46EB-904D-49CF16267A67}.Debug|Any CPU.Build.0 = Debug|Any CPU
		{31CF7D8D-6D8A-46EB-904D-49CF16267A67}.Release|Any CPU.ActiveCfg = Release|Any CPU
		{31CF7D8D-6D8A-46EB-904D-49CF16267A67}.Release|Any CPU.Build.0 = Release|Any CPU
	EndGlobalSection
	GlobalSection(SolutionProperties) = preSolution
		HideSolutionNode = FALSE
	EndGlobalSection
	GlobalSection(ExtensibilityGlobals) = postSolution
		SolutionGuid = {9AB18D5C-E4F1-4723-A69F-69B974466040}
	EndGlobalSection
EndGlobal
